schema: '2.0'
stages:
  train:
    cmd: python src/train.py
    deps:
    - path: data
      hash: md5
      md5: c5f612fdfe06b317e4101c4b035c692c.dir
      size: 89823
      nfiles: 2
    params:
      params.yaml:
        model:
          n_estimators: 140
    outs:
    - path: dvclive/metrics.json
      hash: md5
      md5: 25a7f4bfe5f43a9a7491a6f8381e4d6f
      size: 428
